{
  "nodes": {
    "flakeNimbleLib": {
      "inputs": {
        "nixpkgs": [
          "nixpkgs"
        ]
      },
      "locked": {
        "lastModified": 1662018438,
        "narHash": "sha256-QtNtU6+LX3Wokxf0zlFwKTFOcn6TeDjKQZ+DA9OYtvM=",
        "owner": "riinr",
        "repo": "nim-flakes-lib",
        "rev": "b1fe8340736e3a85d25c709ac3dfd82a55c03cbf",
        "type": "github"
      },
      "original": {
        "owner": "riinr",
        "ref": "master",
        "repo": "nim-flakes-lib",
        "type": "github"
      }
    },
    "nimmikudance-main": {
      "inputs": {
        "flakeNimbleLib": [
          "flakeNimbleLib"
        ],
        "nixpkgs": [
          "nixpkgs"
        ],
        "src-nimmikudance-main": "src-nimmikudance-main"
      },
      "locked": {
        "dir": "main",
        "lastModified": 1662254669,
        "narHash": "sha256-CC0chPvee5mwswoN27o6Nh/uyrEX641xiZIbCrRrKO0=",
        "owner": "nim-nix-pkgs",
        "repo": "nimmikudance",
        "rev": "63c7e0ad8b276061c0477e7ef30b8d4e80c67113",
        "type": "github"
      },
      "original": {
        "dir": "main",
        "owner": "nim-nix-pkgs",
        "ref": "master",
        "repo": "nimmikudance",
        "type": "github"
      }
    },
    "nixpkgs": {
      "locked": {
        "lastModified": 1667110639,
        "narHash": "sha256-4FbPESZ5LbqQxkJJJBAfk/zKgF9h/4kyUwjjpJwYlbc=",
        "owner": "NixOS",
        "repo": "nixpkgs",
        "rev": "f38a1f04d1bec1feb61fd101a0539ae2002a7087",
        "type": "github"
      },
      "original": {
        "id": "nixpkgs",
        "type": "indirect"
      }
    },
    "root": {
      "inputs": {
        "flakeNimbleLib": "flakeNimbleLib",
        "nimmikudance-main": "nimmikudance-main",
        "nixpkgs": "nixpkgs"
      }
    },
    "src-nimmikudance-main": {
      "flake": false,
      "locked": {
        "lastModified": 1653291614,
        "narHash": "sha256-WMu8Fbk95xI5TotZIxc26hMiEtZUWzpJHJsFWw/IExQ=",
        "owner": "aphkyle",
        "repo": "NimMikuDance",
        "rev": "52772ae5dce004ab6ac1829ab8ad403a379375e1",
        "type": "github"
      },
      "original": {
        "owner": "aphkyle",
        "ref": "refs/heads/main",
        "repo": "NimMikuDance",
        "type": "github"
      }
    }
  },
  "root": "root",
  "version": 7
}
